
Microsoft Visual Studio Solution File, Format Version 12.00
# Visual Studio 15
VisualStudioVersion = 15.0.28010.2050
MinimumVisualStudioVersion = 10.0.40219.1
Project("{FAE04EC0-301F-11D3-BF4B-00C04F79EFBC}") = "BruteCleaner", "BruteCleaner\BruteCleaner.csproj", "{C54C13C6-00B5-4E05-A5CD-A1882AC203AD}"
EndProject
Project("{FAE04EC0-301F-11D3-BF4B-00C04F79EFBC}") = "VSBruteClean", "VSBruteClean\VSBruteClean.csproj", "{6EC99C2C-DD1B-493C-B852-AA08B8020D23}"
EndProject
Project("{2150E333-8FDC-42A3-9474-1A3956D46DE8}") = "BruteCleanLib", "BruteCleanLib", "{236746DB-FBE0-402D-A5F1-9F918F729C5F}"
	ProjectSection(SolutionItems) = preProject
		BruteCleanLib\BruteCleanUtil.cs = BruteCleanLib\BruteCleanUtil.cs
	EndProjectSection
EndProject
Global
	GlobalSection(SolutionConfigurationPlatforms) = preSolution
		Debug|Any CPU = Debug|Any CPU
		Release|Any CPU = Release|Any CPU
	EndGlobalSection
	GlobalSection(ProjectConfigurationPlatforms) = postSolution
		{C54C13C6-00B5-4E05-A5CD-A1882AC203AD}.Debug|Any CPU.ActiveCfg = Debug|Any CPU
		{C54C13C6-00B5-4E05-A5CD-A1882AC203AD}.Debug|Any CPU.Build.0 = Debug|Any CPU
		{C54C13C6-00B5-4E05-A5CD-A1882AC203AD}.Release|Any CPU.ActiveCfg = Release|Any CPU
		{C54C13C6-00B5-4E05-A5CD-A1882AC203AD}.Release|Any CPU.Build.0 = Release|Any CPU
		{6EC99C2C-DD1B-493C-B852-AA08B8020D23}.Debug|Any CPU.ActiveCfg = Debug|Any CPU
		{6EC99C2C-DD1B-493C-B852-AA08B8020D23}.Debug|Any CPU.Build.0 = Debug|Any CPU
		{6EC99C2C-DD1B-493C-B852-AA08B8020D23}.Release|Any CPU.ActiveCfg = Release|Any CPU
		{6EC99C2C-DD1B-493C-B852-AA08B8020D23}.Release|Any CPU.Build.0 = Release|Any CPU
	EndGlobalSection
	GlobalSection(SolutionProperties) = preSolution
		HideSolutionNode = FALSE
	EndGlobalSection
	GlobalSection(ExtensibilityGlobals) = postSolution
		SolutionGuid = {DFCDDB0E-B68B-4980-8BDF-9A61A7B08743}
	EndGlobalSection
EndGlobal
